[[package]]
name = "certifi"
sections = ["default"]
version = "2019.11.28"
summary = "Python package for providing Mozilla's CA Bundle."

[[package]]
name = "cryptography"
sections = ["default"]
version = "2.8"
marker = "python_version >= \"2.7\" and python_version not in \"3.0, 3.1, 3.2, 3.3\""
summary = "cryptography is a package which provides cryptographic recipes and primitives to Python developers."

[[package]]
name = "decorator"
sections = ["default"]
version = "4.4.2"
summary = "Decorators for Humans"

[[package]]
name = "future"
sections = ["default"]
version = "0.18.2"
marker = "python_version >= \"2.6\" and python_version not in \"3.0, 3.1, 3.2\""
summary = "Clean single-source support for Python 3 and 2"

[[package]]
name = "python-telegram-bot"
sections = ["default"]
version = "12.4.2"
summary = "We have made you a wrapper you can't refuse"

[package.dependencies]
future = ">=0.16.0"
certifi = "*"
tornado = ">=5.1"
cryptography = "*"
decorator = ">=4.4.0"

[[package]]
name = "tornado"
sections = ["default"]
version = "6.0.4"
marker = "python_version >= \"3.5\""
summary = "Tornado is a Python web framework and asynchronous networking library, originally developed at FriendFeed."

[metadata]
"certifi 2019.11.28" = [
    {file = "certifi-2019.11.28.tar.gz", hash = "sha256:25b64c7da4cd7479594d035c08c2d809eb4aab3a26e5a990ea98cc450c320f1f"},
    {file = "certifi-2019.11.28-py2.py3-none-any.whl", hash = "sha256:017c25db2a153ce562900032d5bc68e9f191e44e9a0f762f373977de9df1fbb3"},
]
"cryptography 2.8" = [
    {file = "cryptography-2.8.tar.gz", hash = "sha256:3cda1f0ed8747339bbdf71b9f38ca74c7b592f24f65cdb3ab3765e4b02871651"},
    {file = "cryptography-2.8-cp27-cp27m-macosx_10_6_intel.whl", hash = "sha256:fb81c17e0ebe3358486cd8cc3ad78adbae58af12fc2bf2bc0bb84e8090fa5ce8"},
    {file = "cryptography-2.8-cp27-cp27m-manylinux1_x86_64.whl", hash = "sha256:44ff04138935882fef7c686878e1c8fd80a723161ad6a98da31e14b7553170c2"},
    {file = "cryptography-2.8-cp27-cp27m-manylinux2010_x86_64.whl", hash = "sha256:369d2346db5934345787451504853ad9d342d7f721ae82d098083e1f49a582ad"},
    {file = "cryptography-2.8-cp27-cp27m-win32.whl", hash = "sha256:df6b4dca2e11865e6cfbfb708e800efb18370f5a46fd601d3755bc7f85b3a8a2"},
    {file = "cryptography-2.8-cp27-cp27m-win_amd64.whl", hash = "sha256:7f09806ed4fbea8f51585231ba742b58cbcfbfe823ea197d8c89a5e433c7e912"},
    {file = "cryptography-2.8-cp27-cp27mu-manylinux1_x86_64.whl", hash = "sha256:58363dbd966afb4f89b3b11dfb8ff200058fbc3b947507675c19ceb46104b48d"},
    {file = "cryptography-2.8-cp27-cp27mu-manylinux2010_x86_64.whl", hash = "sha256:6ec280fb24d27e3d97aa731e16207d58bd8ae94ef6eab97249a2afe4ba643d42"},
    {file = "cryptography-2.8-cp34-abi3-macosx_10_6_intel.whl", hash = "sha256:b43f53f29816ba1db8525f006fa6f49292e9b029554b3eb56a189a70f2a40879"},
    {file = "cryptography-2.8-cp34-abi3-manylinux1_x86_64.whl", hash = "sha256:7270a6c29199adc1297776937a05b59720e8a782531f1f122f2eb8467f9aab4d"},
    {file = "cryptography-2.8-cp34-abi3-manylinux2010_x86_64.whl", hash = "sha256:de96157ec73458a7f14e3d26f17f8128c959084931e8997b9e655a39c8fde9f9"},
    {file = "cryptography-2.8-cp34-cp34m-win32.whl", hash = "sha256:02079a6addc7b5140ba0825f542c0869ff4df9a69c360e339ecead5baefa843c"},
    {file = "cryptography-2.8-cp34-cp34m-win_amd64.whl", hash = "sha256:b0de590a8b0979649ebeef8bb9f54394d3a41f66c5584fff4220901739b6b2f0"},
    {file = "cryptography-2.8-cp35-cp35m-win32.whl", hash = "sha256:ecadccc7ba52193963c0475ac9f6fa28ac01e01349a2ca48509667ef41ffd2cf"},
    {file = "cryptography-2.8-cp35-cp35m-win_amd64.whl", hash = "sha256:90df0cc93e1f8d2fba8365fb59a858f51a11a394d64dbf3ef844f783844cc793"},
    {file = "cryptography-2.8-cp36-cp36m-win32.whl", hash = "sha256:1df22371fbf2004c6f64e927668734070a8953362cd8370ddd336774d6743595"},
    {file = "cryptography-2.8-cp36-cp36m-win_amd64.whl", hash = "sha256:a518c153a2b5ed6b8cc03f7ae79d5ffad7315ad4569b2d5333a13c38d64bd8d7"},
    {file = "cryptography-2.8-cp37-cp37m-win32.whl", hash = "sha256:4b1030728872c59687badcca1e225a9103440e467c17d6d1730ab3d2d64bfeff"},
    {file = "cryptography-2.8-cp37-cp37m-win_amd64.whl", hash = "sha256:d31402aad60ed889c7e57934a03477b572a03af7794fa8fb1780f21ea8f6551f"},
    {file = "cryptography-2.8-cp38-cp38-win32.whl", hash = "sha256:73fd30c57fa2d0a1d7a49c561c40c2f79c7d6c374cc7750e9ac7c99176f6428e"},
    {file = "cryptography-2.8-cp38-cp38-win_amd64.whl", hash = "sha256:971221ed40f058f5662a604bd1ae6e4521d84e6cad0b7b170564cc34169c8f13"},
]
"decorator 4.4.2" = [
    {file = "decorator-4.4.2.tar.gz", hash = "sha256:e3a62f0520172440ca0dcc823749319382e377f37f140a0b99ef45fecb84bfe7"},
    {file = "decorator-4.4.2-py2.py3-none-any.whl", hash = "sha256:41fa54c2a0cc4ba648be4fd43cff00aedf5b9465c9bf18d64325bc225f08f760"},
]
"future 0.18.2" = [
    {file = "future-0.18.2.tar.gz", hash = "sha256:b1bead90b70cf6ec3f0710ae53a525360fa360d306a86583adc6bf83a4db537d"},
]
"python-telegram-bot 12.4.2" = [
    {file = "python-telegram-bot-12.4.2.tar.gz", hash = "sha256:0a97cbca638f949582b4ee326170d2f8d7f4bf559a4e511132bb2203623e04ad"},
    {file = "python_telegram_bot-12.4.2-py2.py3-none-any.whl", hash = "sha256:d3cffd020af4094d07c11783f875e5c682072ba7f5bc21ce89ff0222f4e6d742"},
]
"tornado 6.0.4" = [
    {file = "tornado-6.0.4.tar.gz", hash = "sha256:0fe2d45ba43b00a41cd73f8be321a44936dc1aba233dee979f17a042b83eb6dc"},
    {file = "tornado-6.0.4-cp35-cp35m-win32.whl", hash = "sha256:5217e601700f24e966ddab689f90b7ea4bd91ff3357c3600fa1045e26d68e55d"},
    {file = "tornado-6.0.4-cp35-cp35m-win_amd64.whl", hash = "sha256:c98232a3ac391f5faea6821b53db8db461157baa788f5d6222a193e9456e1740"},
    {file = "tornado-6.0.4-cp36-cp36m-win32.whl", hash = "sha256:5f6a07e62e799be5d2330e68d808c8ac41d4a259b9cea61da4101b83cb5dc673"},
    {file = "tornado-6.0.4-cp36-cp36m-win_amd64.whl", hash = "sha256:c952975c8ba74f546ae6de2e226ab3cc3cc11ae47baf607459a6728585bb542a"},
    {file = "tornado-6.0.4-cp37-cp37m-win32.whl", hash = "sha256:2c027eb2a393d964b22b5c154d1a23a5f8727db6fda837118a776b29e2b8ebc6"},
    {file = "tornado-6.0.4-cp37-cp37m-win_amd64.whl", hash = "sha256:5618f72e947533832cbc3dec54e1dffc1747a5cb17d1fd91577ed14fa0dc081b"},
    {file = "tornado-6.0.4-cp38-cp38-win32.whl", hash = "sha256:22aed82c2ea340c3771e3babc5ef220272f6fd06b5108a53b4976d0d722bcd52"},
    {file = "tornado-6.0.4-cp38-cp38-win_amd64.whl", hash = "sha256:c58d56003daf1b616336781b26d184023ea4af13ae143d9dda65e31e534940b9"},
]

[root]
content_hash = "md5:17d57e53ab7a5f7b0c0640d1314c536a"
meta_version = "0.0.1"

